
Microsoft Visual Studio Solution File, Format Version 12.00
# Visual Studio Version 17
VisualStudioVersion = 17.7.34024.191
MinimumVisualStudioVersion = 10.0.40219.1
Project("{9A19103F-16F7-4668-BE54-9A1E7A4F7556}") = "SpeechToTranslated", "SpeechToTranslated\SpeechToTranslated.csproj", "{285455FE-F30D-41C9-B06C-DE9F43387293}"
EndProject
Project("{9A19103F-16F7-4668-BE54-9A1E7A4F7556}") = "Tests", "Tests\Tests.csproj", "{08B4F0BB-644E-4C61-8E3B-C8E41CC5190D}"
EndProject
Project("{9A19103F-16F7-4668-BE54-9A1E7A4F7556}") = "SpeechToTranslatedCommon", "SpeechToTranslatedCommon\SpeechToTranslatedCommon.csproj", "{4052F0A6-3A8B-4B59-A2BF-792D534DAE36}"
EndProject
Project("{9A19103F-16F7-4668-BE54-9A1E7A4F7556}") = "TranslateWordsGui", "TranslateWordsGui\TranslateWordsGui.csproj", "{5E755C0C-9646-4090-A9C8-DC43733DD565}"
EndProject
Global
	GlobalSection(SolutionConfigurationPlatforms) = preSolution
		Debug|Any CPU = Debug|Any CPU
		Release|Any CPU = Release|Any CPU
	EndGlobalSection
	GlobalSection(ProjectConfigurationPlatforms) = postSolution
		{285455FE-F30D-41C9-B06C-DE9F43387293}.Debug|Any CPU.ActiveCfg = Debug|Any CPU
		{285455FE-F30D-41C9-B06C-DE9F43387293}.Debug|Any CPU.Build.0 = Debug|Any CPU
		{285455FE-F30D-41C9-B06C-DE9F43387293}.Release|Any CPU.ActiveCfg = Release|Any CPU
		{285455FE-F30D-41C9-B06C-DE9F43387293}.Release|Any CPU.Build.0 = Release|Any CPU
		{08B4F0BB-644E-4C61-8E3B-C8E41CC5190D}.Debug|Any CPU.ActiveCfg = Debug|Any CPU
		{08B4F0BB-644E-4C61-8E3B-C8E41CC5190D}.Debug|Any CPU.Build.0 = Debug|Any CPU
		{08B4F0BB-644E-4C61-8E3B-C8E41CC5190D}.Release|Any CPU.ActiveCfg = Release|Any CPU
		{08B4F0BB-644E-4C61-8E3B-C8E41CC5190D}.Release|Any CPU.Build.0 = Release|Any CPU
		{4052F0A6-3A8B-4B59-A2BF-792D534DAE36}.Debug|Any CPU.ActiveCfg = Debug|Any CPU
		{4052F0A6-3A8B-4B59-A2BF-792D534DAE36}.Debug|Any CPU.Build.0 = Debug|Any CPU
		{4052F0A6-3A8B-4B59-A2BF-792D534DAE36}.Release|Any CPU.ActiveCfg = Release|Any CPU
		{4052F0A6-3A8B-4B59-A2BF-792D534DAE36}.Release|Any CPU.Build.0 = Release|Any CPU
		{5E755C0C-9646-4090-A9C8-DC43733DD565}.Debug|Any CPU.ActiveCfg = Debug|Any CPU
		{5E755C0C-9646-4090-A9C8-DC43733DD565}.Debug|Any CPU.Build.0 = Debug|Any CPU
		{5E755C0C-9646-4090-A9C8-DC43733DD565}.Release|Any CPU.ActiveCfg = Release|Any CPU
		{5E755C0C-9646-4090-A9C8-DC43733DD565}.Release|Any CPU.Build.0 = Release|Any CPU
	EndGlobalSection
	GlobalSection(SolutionProperties) = preSolution
		HideSolutionNode = FALSE
	EndGlobalSection
	GlobalSection(ExtensibilityGlobals) = postSolution
		SolutionGuid = {C714D27C-34A5-4CEB-9E79-2CB4712398A8}
	EndGlobalSection
EndGlobal
